// !$*UTF8*$!
{
	archiveVersion = 1;
	classes = {
	};
	objectVersion = 48;
	objects = {

/* Begin PBXBuildFile section */
		8C32C30C1F9B4BCB001525F2 /* AppDelegate.swift in Sources */ = {isa = PBXBuildFile; fileRef = 8C32C30B1F9B4BCB001525F2 /* AppDelegate.swift */; };
		8C32C30E1F9B4BCB001525F2 /* ViewController.swift in Sources */ = {isa = PBXBuildFile; fileRef = 8C32C30D1F9B4BCB001525F2 /* ViewController.swift */; };
		8C32C3111F9B4BCB001525F2 /* Main.storyboard in Resources */ = {isa = PBXBuildFile; fileRef = 8C32C30F1F9B4BCB001525F2 /* Main.storyboard */; };
		8C32C3131F9B4BCB001525F2 /* Assets.xcassets in Resources */ = {isa = PBXBuildFile; fileRef = 8C32C3121F9B4BCB001525F2 /* Assets.xcassets */; };
		8C32C3161F9B4BCB001525F2 /* LaunchScreen.storyboard in Resources */ = {isa = PBXBuildFile; fileRef = 8C32C3141F9B4BCB001525F2 /* LaunchScreen.storyboard */; };
		8CA725CC1F9B5FE3002FECCD /* Alamofire.framework in Frameworks */ = {isa = PBXBuildFile; fileRef = 8CA725CB1F9B5FE3002FECCD /* Alamofire.framework */; };
		8CD6DA661F9B4E7300C24D12 /* Kanna.framework in Frameworks */ = {isa = PBXBuildFile; fileRef = 8CD6DA651F9B4E7300C24D12 /* Kanna.framework */; };
/* End PBXBuildFile section */

/* Begin PBXFileReference section */
		8C32C3081F9B4BCB001525F2 /* HTMLparser.app */ = {isa = PBXFileReference; explicitFileType = wrapper.application; includeInIndex = 0; path = HTMLparser.app; sourceTree = BUILT_PRODUCTS_DIR; };
		8C32C30B1F9B4BCB001525F2 /* AppDelegate.swift */ = {isa = PBXFileReference; lastKnownFileType = sourcecode.swift; path = AppDelegate.swift; sourceTree = "<group>"; };
		8C32C30D1F9B4BCB001525F2 /* ViewController.swift */ = {isa = PBXFileReference; lastKnownFileType = sourcecode.swift; path = ViewController.swift; sourceTree = "<group>"; };
		8C32C3101F9B4BCB001525F2 /* Base */ = {isa = PBXFileReference; lastKnownFileType = file.storyboard; name = Base; path = Base.lproj/Main.storyboard; sourceTree = "<group>"; };
		8C32C3121F9B4BCB001525F2 /* Assets.xcassets */ = {isa = PBXFileReference; lastKnownFileType = folder.assetcatalog; path = Assets.xcassets; sourceTree = "<group>"; };
		8C32C3151F9B4BCB001525F2 /* Base */ = {isa = PBXFileReference; lastKnownFileType = file.storyboard; name = Base; path = Base.lproj/LaunchScreen.storyboard; sourceTree = "<group>"; };
		8C32C3171F9B4BCB001525F2 /* Info.plist */ = {isa = PBXFileReference; lastKnownFileType = text.plist.xml; path = Info.plist; sourceTree = "<group>"; };
		8CA725CB1F9B5FE3002FECCD /* Alamofire.framework */ = {isa = PBXFileReference; lastKnownFileType = wrapper.framework; name = Alamofire.framework; path = Carthage/Build/iOS/Alamofire.framework; sourceTree = "<group>"; };
		8CD6DA651F9B4E7300C24D12 /* Kanna.framework */ = {isa = PBXFileReference; lastKnownFileType = wrapper.framework; name = Kanna.framework; path = Carthage/Build/iOS/Kanna.framework; sourceTree = "<group>"; };
/* End PBXFileReference section */

/* Begin PBXFrameworksBuildPhase section */
		8C32C3051F9B4BCB001525F2 /* Frameworks */ = {
			isa = PBXFrameworksBuildPhase;
			buildActionMask = 2147483647;
			files = (
				8CA725CC1F9B5FE3002FECCD /* Alamofire.framework in Frameworks */,
				8CD6DA661F9B4E7300C24D12 /* Kanna.framework in Frameworks */,
			);
			runOnlyForDeploymentPostprocessing = 0;
		};
/* End PBXFrameworksBuildPhase section */

/* Begin PBXGroup section */
		8C32C2FF1F9B4BCB001525F2 = {
			isa = PBXGroup;
			children = (
				8C32C30A1F9B4BCB001525F2 /* HTMLparser */,
				8C32C3091F9B4BCB001525F2 /* Products */,
				8CD6DA641F9B4E7200C24D12 /* Frameworks */,
			);
			sourceTree = "<group>";
		};
		8C32C3091F9B4BCB001525F2 /* Products */ = {
			isa = PBXGroup;
			children = (
				8C32C3081F9B4BCB001525F2 /* HTMLparser.app */,
			);
			name = Products;
			sourceTree = "<group>";
		};
		8C32C30A1F9B4BCB001525F2 /* HTMLparser */ = {
			isa = PBXGroup;
			children = (
				8C32C30B1F9B4BCB001525F2 /* AppDelegate.swift */,
				8C32C30D1F9B4BCB001525F2 /* ViewController.swift */,
				8C32C30F1F9B4BCB001525F2 /* Main.storyboard */,
				8C32C3121F9B4BCB001525F2 /* Assets.xcassets */,
				8C32C3141F9B4BCB001525F2 /* LaunchScreen.storyboard */,
				8C32C3171F9B4BCB001525F2 /* Info.plist */,
			);
			path = HTMLparser;
			sourceTree = "<group>";
		};
		8CD6DA641F9B4E7200C24D12 /* Frameworks */ = {
			isa = PBXGroup;
			children = (
				8CA725CB1F9B5FE3002FECCD /* Alamofire.framework */,
				8CD6DA651F9B4E7300C24D12 /* Kanna.framework */,
			);
			name = Frameworks;
			sourceTree = "<group>";
		};
/* End PBXGroup section */

/* Begin PBXNativeTarget section */
		8C32C3071F9B4BCB001525F2 /* HTMLparser */ = {
			isa = PBXNativeTarget;
			buildConfigurationList = 8C32C31A1F9B4BCB001525F2 /* Build configuration list for PBXNativeTarget "HTMLparser" */;
			buildPhases = (
				8C32C3041F9B4BCB001525F2 /* Sources */,
				8C32C3051F9B4BCB001525F2 /* Frameworks */,
				8C32C3061F9B4BCB001525F2 /* Resources */,
				8C5770D01F9B505A0037084E /* ShellScript */,
			);
			buildRules = (
			);
			dependencies = (
			);
			name = HTMLparser;
			productName = HTMLparser;
			productReference = 8C32C3081F9B4BCB001525F2 /* HTMLparser.app */;
			productType = "com.apple.product-type.application";
		};
/* End PBXNativeTarget section */

/* Begin PBXProject section */
		8C32C3001F9B4BCB001525F2 /* Project object */ = {
			isa = PBXProject;
			attributes = {
				LastSwiftUpdateCheck = 0900;
				LastUpgradeCheck = 0900;
				ORGANIZATIONNAME = Goto;
				TargetAttributes = {
					8C32C3071F9B4BCB001525F2 = {
						CreatedOnToolsVersion = 9.0;
						ProvisioningStyle = Automatic;
					};
				};
			};
			buildConfigurationList = 8C32C3031F9B4BCB001525F2 /* Build configuration list for PBXProject "HTMLparser" */;
			compatibilityVersion = "Xcode 8.0";
			developmentRegion = en;
			hasScannedForEncodings = 0;
			knownRegions = (
				en,
				Base,
			);
			mainGroup = 8C32C2FF1F9B4BCB001525F2;
			productRefGroup = 8C32C3091F9B4BCB001525F2 /* Products */;
			projectDirPath = "";
			projectRoot = "";
			targets = (
				8C32C3071F9B4BCB001525F2 /* HTMLparser */,
			);
		};
/* End PBXProject section */

/* Begin PBXResourcesBuildPhase section */
		8C32C3061F9B4BCB001525F2 /* Resources */ = {
			isa = PBXResourcesBuildPhase;
			buildActionMask = 2147483647;
			files = (
				8C32C3161F9B4BCB001525F2 /* LaunchScreen.storyboard in Resources */,
				8C32C3131F9B4BCB001525F2 /* Assets.xcassets in Resources */,
				8C32C3111F9B4BCB001525F2 /* Main.storyboard in Resources */,
			);
			runOnlyForDeploymentPostprocessing = 0;
		};
/* End PBXResourcesBuildPhase section */

/* Begin PBXShellScriptBuildPhase section */
		8C5770D01F9B505A0037084E /* ShellScript */ = {
			isa = PBXShellScriptBuildPhase;
			buildActionMask = 2147483647;
			files = (
			);
			inputPaths = (
				"$(SRCROOT)/Carthage/Build/iOS/Kanna.framework",
				"$(SRCROOT)/Carthage/Build/iOS/Alamofire.framework",
			);
			outputPaths = (
			);
			runOnlyForDeploymentPostprocessing = 0;
			shellPath = /bin/sh;
			shellScript = "/usr/local/bin/carthage copy-frameworks";
		};
/* End PBXShellScriptBuildPhase section */

/* Begin PBXSourcesBuildPhase section */
		8C32C3041F9B4BCB001525F2 /* Sources */ = {
			isa = PBXSourcesBuildPhase;
			buildActionMask = 2147483647;
			files = (
				8C32C30E1F9B4BCB001525F2 /* ViewController.swift in Sources */,
				8C32C30C1F9B4BCB001525F2 /* AppDelegate.swift in Sources */,
			);
			runOnlyForDeploymentPostprocessing = 0;
		};
/* End PBXSourcesBuildPhase section */

/* Begin PBXVariantGroup section */
		8C32C30F1F9B4BCB001525F2 /* Main.storyboard */ = {
			isa = PBXVariantGroup;
			children = (
				8C32C3101F9B4BCB001525F2 /* Base */,
			);
			name = Main.storyboard;
			sourceTree = "<group>";
		};
		8C32C3141F9B4BCB001525F2 /* LaunchScreen.storyboard */ = {
			isa = PBXVariantGroup;
			children = (
				8C32C3151F9B4BCB001525F2 /* Base */,
			);
			name = LaunchScreen.storyboard;
			sourceTree = "<group>";
		};
/* End PBXVariantGroup section */

/* Begin XCBuildConfiguration section */
		8C32C3181F9B4BCB001525F2 /* Debug */ = {
			isa = XCBuildConfiguration;
			buildSettings = {
				ALWAYS_SEARCH_USER_PATHS = NO;
				CLANG_ANALYZER_NONNULL = YES;
				CLANG_ANALYZER_NUMBER_OBJECT_CONVERSION = YES_AGGRESSIVE;
				CLANG_CXX_LANGUAGE_STANDARD = "gnu++14";
				CLANG_CXX_LIBRARY = "libc++";
				CLANG_ENABLE_MODULES = YES;
				CLANG_ENABLE_OBJC_ARC = YES;
				CLANG_WARN_BLOCK_CAPTURE_AUTORELEASING = YES;
				CLANG_WARN_BOOL_CONVERSION = YES;
				CLANG_WARN_COMMA = YES;
				CLANG_WARN_CONSTANT_CONVERSION = YES;
				CLANG_WARN_DIRECT_OBJC_ISA_USAGE = YES_ERROR;
				CLANG_WARN_DOCUMENTATION_COMMENTS = YES;
				CLANG_WARN_EMPTY_BODY = YES;
				CLANG_WARN_ENUM_CONVERSION = YES;
				CLANG_WARN_INFINITE_RECURSION = YES;
				CLANG_WARN_INT_CONVERSION = YES;
				CLANG_WARN_NON_LITERAL_NULL_CONVERSION = YES;
				CLANG_WARN_OBJC_LITERAL_CONVERSION = YES;
				CLANG_WARN_OBJC_ROOT_CLASS = YES_ERROR;
				CLANG_WARN_RANGE_LOOP_ANALYSIS = YES;
				CLANG_WARN_STRICT_PROTOTYPES = YES;
				CLANG_WARN_SUSPICIOUS_MOVE = YES;
				CLANG_WARN_UNGUARDED_AVAILABILITY = YES_AGGRESSIVE;
				CLANG_WARN_UNREACHABLE_CODE = YES;
				CLANG_WARN__DUPLICATE_METHOD_MATCH = YES;
				CODE_SIGN_IDENTITY = "iPhone Developer";
				COPY_PHASE_STRIP = NO;
				DEBUG_INFORMATION_FORMAT = dwarf;
				ENABLE_STRICT_OBJC_MSGSEND = YES;
				ENABLE_TESTABILITY = YES;
				GCC_C_LANGUAGE_STANDARD = gnu11;
				GCC_DYNAMIC_NO_PIC = NO;
				GCC_NO_COMMON_BLOCKS = YES;
				GCC_OPTIMIZATION_LEVEL = 0;
				GCC_PREPROCESSOR_DEFINITIONS = (
					"DEBUG=1",
					"$(inherited)",
				);
				GCC_WARN_64_TO_32_BIT_CONVERSION = YES;
				GCC_WARN_ABOUT_RETURN_TYPE = YES_ERROR;
				GCC_WARN_UNDECLARED_SELECTOR = YES;
				GCC_WARN_UNINITIALIZED_AUTOS = YES_AGGRESSIVE;
				GCC_WARN_UNUSED_FUNCTION = YES;
				GCC_WARN_UNUSED_VARIABLE = YES;
				IPHONEOS_DEPLOYMENT_TARGET = 11.0;
				MTL_ENABLE_DEBUG_INFO = YES;
				ONLY_ACTIVE_ARCH = YES;
				SDKROOT = iphoneos;
				SWIFT_ACTIVE_COMPILATION_CONDITIONS = DEBUG;
				SWIFT_OPTIMIZATION_LEVEL = "-Onone";
			};
			name = Debug;
		};
		8C32C3191F9B4BCB001525F2 /* Release */ = {
			isa = XCBuildConfiguration;
			buildSettings = {
				ALWAYS_SEARCH_USER_PATHS = NO;
				CLANG_ANALYZER_NONNULL = YES;
				CLANG_ANALYZER_NUMBER_OBJECT_CONVERSION = YES_AGGRESSIVE;
				CLANG_CXX_LANGUAGE_STANDARD = "gnu++14";
				CLANG_CXX_LIBRARY = "libc++";
				CLANG_ENABLE_MODULES = YES;
				CLANG_ENABLE_OBJC_ARC = YES;
				CLANG_WARN_BLOCK_CAPTURE_AUTORELEASING = YES;
				CLANG_WARN_BOOL_CONVERSION = YES;
				CLANG_WARN_COMMA = YES;
				CLANG_WARN_CONSTANT_CONVERSION = YES;
				CLANG_WARN_DIRECT_OBJC_ISA_USAGE = YES_ERROR;
				CLANG_WARN_DOCUMENTATION_COMMENTS = YES;
				CLANG_WARN_EMPTY_BODY = YES;
				CLANG_WARN_ENUM_CONVERSION = YES;
				CLANG_WARN_INFINITE_RECURSION = YES;
				CLANG_WARN_INT_CONVERSION = YES;
				CLANG_WARN_NON_LITERAL_NULL_CONVERSION = YES;
				CLANG_WARN_OBJC_LITERAL_CONVERSION = YES;
				CLANG_WARN_OBJC_ROOT_CLASS = YES_ERROR;
				CLANG_WARN_RANGE_LOOP_ANALYSIS = YES;
				CLANG_WARN_STRICT_PROTOTYPES = YES;
				CLANG_WARN_SUSPICIOUS_MOVE = YES;
				CLANG_WARN_UNGUARDED_AVAILABILITY = YES_AGGRESSIVE;
				CLANG_WARN_UNREACHABLE_CODE = YES;
				CLANG_WARN__DUPLICATE_METHOD_MATCH = YES;
				CODE_SIGN_IDENTITY = "iPhone Developer";
				COPY_PHASE_STRIP = NO;
				DEBUG_INFORMATION_FORMAT = "dwarf-with-dsym";
				ENABLE_NS_ASSERTIONS = NO;
				ENABLE_STRICT_OBJC_MSGSEND = YES;
				GCC_C_LANGUAGE_STANDARD = gnu11;
				GCC_NO_COMMON_BLOCKS = YES;
				GCC_WARN_64_TO_32_BIT_CONVERSION = YES;
				GCC_WARN_ABOUT_RETURN_TYPE = YES_ERROR;
				GCC_WARN_UNDECLARED_SELECTOR = YES;
				GCC_WARN_UNINITIALIZED_AUTOS = YES_AGGRESSIVE;
				GCC_WARN_UNUSED_FUNCTION = YES;
				GCC_WARN_UNUSED_VARIABLE = YES;
				IPHONEOS_DEPLOYMENT_TARGET = 11.0;
				MTL_ENABLE_DEBUG_INFO = NO;
				SDKROOT = iphoneos;
				SWIFT_OPTIMIZATION_LEVEL = "-Owholemodule";
				VALIDATE_PRODUCT = YES;
			};
			name = Release;
		};
		8C32C31B1F9B4BCB001525F2 /* Debug */ = {
			isa = XCBuildConfiguration;
			buildSettings = {
				ASSETCATALOG_COMPILER_APPICON_NAME = AppIcon;
				CODE_SIGN_STYLE = Automatic;
				FRAMEWORK_SEARCH_PATHS = (
					"$(inherited)",
					"$(PROJECT_DIR)/Carthage/Build/iOS",
				);
				HEADER_SEARCH_PATHS = "$(SDKROOT)/usr/include/libxml2";
				INFOPLIST_FILE = HTMLparser/Info.plist;
				LD_RUNPATH_SEARCH_PATHS = "$(inherited) @executable_path/Frameworks";
				PRODUCT_BUNDLE_IDENTIFIER = jp.ab.canada.goto.HTMLparser;
				PRODUCT_NAME = "$(TARGET_NAME)";
				SWIFT_VERSION = 4.0;
				TARGETED_DEVICE_FAMILY = "1,2";
			};
			name = Debug;
		};
		8C32C31C1F9B4BCB001525F2 /* Release */ = {
			isa = XCBuildConfiguration;
			buildSettings = {
				ASSETCATALOG_COMPILER_APPICON_NAME = AppIcon;
				CODE_SIGN_STYLE = Automatic;
				FRAMEWORK_SEARCH_PATHS = (
					"$(inherited)",
					"$(PROJECT_DIR)/Carthage/Build/iOS",
				);
				HEADER_SEARCH_PATHS = "$(SDKROOT)/usr/include/libxml2";
				INFOPLIST_FILE = HTMLparser/Info.plist;
				LD_RUNPATH_SEARCH_PATHS = "$(inherited) @executable_path/Frameworks";
				PRODUCT_BUNDLE_IDENTIFIER = jp.ab.canada.goto.HTMLparser;
				PRODUCT_NAME = "$(TARGET_NAME)";
				SWIFT_VERSION = 4.0;
				TARGETED_DEVICE_FAMILY = "1,2";
			};
			name = Release;
		};
/* End XCBuildConfiguration section */

/* Begin XCConfigurationList section */
		8C32C3031F9B4BCB001525F2 /* Build configuration list for PBXProject "HTMLparser" */ = {
			isa = XCConfigurationList;
			buildConfigurations = (
				8C32C3181F9B4BCB001525F2 /* Debug */,
				8C32C3191F9B4BCB001525F2 /* Release */,
			);
			defaultConfigurationIsVisible = 0;
			defaultConfigurationName = Release;
		};
		8C32C31A1F9B4BCB001525F2 /* Build configuration list for PBXNativeTarget "HTMLparser" */ = {
			isa = XCConfigurationList;
			buildConfigurations = (
				8C32C31B1F9B4BCB001525F2 /* Debug */,
				8C32C31C1F9B4BCB001525F2 /* Release */,
			);
			defaultConfigurationIsVisible = 0;
			defaultConfigurationName = Release;
		};
/* End XCConfigurationList section */
	};
	rootObject = 8C32C3001F9B4BCB001525F2 /* Project object */;
}
